// !$*UTF8*$!
{
	archiveVersion = 1;
	classes = {
	};
	objectVersion = 46;
	objects = {

/* Begin PBXBuildFile section */
		01AE4AFF1F7A041200303136 /* AppDelegate.swift in Sources */ = {isa = PBXBuildFile; fileRef = 01AE4AFE1F7A041200303136 /* AppDelegate.swift */; };
		01AE4B011F7A041200303136 /* ViewController.swift in Sources */ = {isa = PBXBuildFile; fileRef = 01AE4B001F7A041200303136 /* ViewController.swift */; };
		01AE4B041F7A041200303136 /* Main.storyboard in Resources */ = {isa = PBXBuildFile; fileRef = 01AE4B021F7A041200303136 /* Main.storyboard */; };
		01AE4B061F7A041200303136 /* Assets.xcassets in Resources */ = {isa = PBXBuildFile; fileRef = 01AE4B051F7A041200303136 /* Assets.xcassets */; };
		01AE4B091F7A041200303136 /* LaunchScreen.storyboard in Resources */ = {isa = PBXBuildFile; fileRef = 01AE4B071F7A041200303136 /* LaunchScreen.storyboard */; };
		01AE4B141F7A041300303136 /* LocationToolTests.swift in Sources */ = {isa = PBXBuildFile; fileRef = 01AE4B131F7A041300303136 /* LocationToolTests.swift */; };
		01AE4B1F1F7A041300303136 /* LocationToolUITests.swift in Sources */ = {isa = PBXBuildFile; fileRef = 01AE4B1E1F7A041300303136 /* LocationToolUITests.swift */; };
		01AE4BA91F7A803800303136 /* WYFLocationTool.swift in Sources */ = {isa = PBXBuildFile; fileRef = 01AE4BA81F7A803800303136 /* WYFLocationTool.swift */; };
/* End PBXBuildFile section */

/* Begin PBXContainerItemProxy section */
		01AE4B101F7A041300303136 /* PBXContainerItemProxy */ = {
			isa = PBXContainerItemProxy;
			containerPortal = 01AE4AF31F7A041200303136 /* Project object */;
			proxyType = 1;
			remoteGlobalIDString = 01AE4AFA1F7A041200303136;
			remoteInfo = LocationTool;
		};
		01AE4B1B1F7A041300303136 /* PBXContainerItemProxy */ = {
			isa = PBXContainerItemProxy;
			containerPortal = 01AE4AF31F7A041200303136 /* Project object */;
			proxyType = 1;
			remoteGlobalIDString = 01AE4AFA1F7A041200303136;
			remoteInfo = LocationTool;
		};
/* End PBXContainerItemProxy section */

/* Begin PBXFileReference section */
		01AE4AFB1F7A041200303136 /* LocationTool.app */ = {isa = PBXFileReference; explicitFileType = wrapper.application; includeInIndex = 0; path = LocationTool.app; sourceTree = BUILT_PRODUCTS_DIR; };
		01AE4AFE1F7A041200303136 /* AppDelegate.swift */ = {isa = PBXFileReference; lastKnownFileType = sourcecode.swift; path = AppDelegate.swift; sourceTree = "<group>"; };
		01AE4B001F7A041200303136 /* ViewController.swift */ = {isa = PBXFileReference; lastKnownFileType = sourcecode.swift; path = ViewController.swift; sourceTree = "<group>"; };
		01AE4B031F7A041200303136 /* Base */ = {isa = PBXFileReference; lastKnownFileType = file.storyboard; name = Base; path = Base.lproj/Main.storyboard; sourceTree = "<group>"; };
		01AE4B051F7A041200303136 /* Assets.xcassets */ = {isa = PBXFileReference; lastKnownFileType = folder.assetcatalog; path = Assets.xcassets; sourceTree = "<group>"; };
		01AE4B081F7A041200303136 /* Base */ = {isa = PBXFileReference; lastKnownFileType = file.storyboard; name = Base; path = Base.lproj/LaunchScreen.storyboard; sourceTree = "<group>"; };
		01AE4B0A1F7A041200303136 /* Info.plist */ = {isa = PBXFileReference; lastKnownFileType = text.plist.xml; path = Info.plist; sourceTree = "<group>"; };
		01AE4B0F1F7A041300303136 /* LocationToolTests.xctest */ = {isa = PBXFileReference; explicitFileType = wrapper.cfbundle; includeInIndex = 0; path = LocationToolTests.xctest; sourceTree = BUILT_PRODUCTS_DIR; };
		01AE4B131F7A041300303136 /* LocationToolTests.swift */ = {isa = PBXFileReference; lastKnownFileType = sourcecode.swift; path = LocationToolTests.swift; sourceTree = "<group>"; };
		01AE4B151F7A041300303136 /* Info.plist */ = {isa = PBXFileReference; lastKnownFileType = text.plist.xml; path = Info.plist; sourceTree = "<group>"; };
		01AE4B1A1F7A041300303136 /* LocationToolUITests.xctest */ = {isa = PBXFileReference; explicitFileType = wrapper.cfbundle; includeInIndex = 0; path = LocationToolUITests.xctest; sourceTree = BUILT_PRODUCTS_DIR; };
		01AE4B1E1F7A041300303136 /* LocationToolUITests.swift */ = {isa = PBXFileReference; lastKnownFileType = sourcecode.swift; path = LocationToolUITests.swift; sourceTree = "<group>"; };
		01AE4B201F7A041300303136 /* Info.plist */ = {isa = PBXFileReference; lastKnownFileType = text.plist.xml; path = Info.plist; sourceTree = "<group>"; };
		01AE4BA81F7A803800303136 /* WYFLocationTool.swift */ = {isa = PBXFileReference; fileEncoding = 4; lastKnownFileType = sourcecode.swift; path = WYFLocationTool.swift; sourceTree = "<group>"; };
/* End PBXFileReference section */

/* Begin PBXFrameworksBuildPhase section */
		01AE4AF81F7A041200303136 /* Frameworks */ = {
			isa = PBXFrameworksBuildPhase;
			buildActionMask = 2147483647;
			files = (
			);
			runOnlyForDeploymentPostprocessing = 0;
		};
		01AE4B0C1F7A041300303136 /* Frameworks */ = {
			isa = PBXFrameworksBuildPhase;
			buildActionMask = 2147483647;
			files = (
			);
			runOnlyForDeploymentPostprocessing = 0;
		};
		01AE4B171F7A041300303136 /* Frameworks */ = {
			isa = PBXFrameworksBuildPhase;
			buildActionMask = 2147483647;
			files = (
			);
			runOnlyForDeploymentPostprocessing = 0;
		};
/* End PBXFrameworksBuildPhase section */

/* Begin PBXGroup section */
		01AE4AF21F7A041200303136 = {
			isa = PBXGroup;
			children = (
				01AE4BA71F7A803800303136 /* WYFLocationTool */,
				01AE4AFD1F7A041200303136 /* LocationTool */,
				01AE4B121F7A041300303136 /* LocationToolTests */,
				01AE4B1D1F7A041300303136 /* LocationToolUITests */,
				01AE4AFC1F7A041200303136 /* Products */,
			);
			sourceTree = "<group>";
		};
		01AE4AFC1F7A041200303136 /* Products */ = {
			isa = PBXGroup;
			children = (
				01AE4AFB1F7A041200303136 /* LocationTool.app */,
				01AE4B0F1F7A041300303136 /* LocationToolTests.xctest */,
				01AE4B1A1F7A041300303136 /* LocationToolUITests.xctest */,
			);
			name = Products;
			sourceTree = "<group>";
		};
		01AE4AFD1F7A041200303136 /* LocationTool */ = {
			isa = PBXGroup;
			children = (
				01AE4AFE1F7A041200303136 /* AppDelegate.swift */,
				01AE4B001F7A041200303136 /* ViewController.swift */,
				01AE4B021F7A041200303136 /* Main.storyboard */,
				01AE4B051F7A041200303136 /* Assets.xcassets */,
				01AE4B071F7A041200303136 /* LaunchScreen.storyboard */,
				01AE4B0A1F7A041200303136 /* Info.plist */,
			);
			path = LocationTool;
			sourceTree = "<group>";
		};
		01AE4B121F7A041300303136 /* LocationToolTests */ = {
			isa = PBXGroup;
			children = (
				01AE4B131F7A041300303136 /* LocationToolTests.swift */,
				01AE4B151F7A041300303136 /* Info.plist */,
			);
			path = LocationToolTests;
			sourceTree = "<group>";
		};
		01AE4B1D1F7A041300303136 /* LocationToolUITests */ = {
			isa = PBXGroup;
			children = (
				01AE4B1E1F7A041300303136 /* LocationToolUITests.swift */,
				01AE4B201F7A041300303136 /* Info.plist */,
			);
			path = LocationToolUITests;
			sourceTree = "<group>";
		};
		01AE4BA71F7A803800303136 /* WYFLocationTool */ = {
			isa = PBXGroup;
			children = (
				01AE4BA81F7A803800303136 /* WYFLocationTool.swift */,
			);
			path = WYFLocationTool;
			sourceTree = "<group>";
		};
/* End PBXGroup section */

/* Begin PBXNativeTarget section */
		01AE4AFA1F7A041200303136 /* LocationTool */ = {
			isa = PBXNativeTarget;
			buildConfigurationList = 01AE4B231F7A041300303136 /* Build configuration list for PBXNativeTarget "LocationTool" */;
			buildPhases = (
				01AE4AF71F7A041200303136 /* Sources */,
				01AE4AF81F7A041200303136 /* Frameworks */,
				01AE4AF91F7A041200303136 /* Resources */,
			);
			buildRules = (
			);
			dependencies = (
			);
			name = LocationTool;
			productName = LocationTool;
			productReference = 01AE4AFB1F7A041200303136 /* LocationTool.app */;
			productType = "com.apple.product-type.application";
		};
		01AE4B0E1F7A041300303136 /* LocationToolTests */ = {
			isa = PBXNativeTarget;
			buildConfigurationList = 01AE4B261F7A041300303136 /* Build configuration list for PBXNativeTarget "LocationToolTests" */;
			buildPhases = (
				01AE4B0B1F7A041300303136 /* Sources */,
				01AE4B0C1F7A041300303136 /* Frameworks */,
				01AE4B0D1F7A041300303136 /* Resources */,
			);
			buildRules = (
			);
			dependencies = (
				01AE4B111F7A041300303136 /* PBXTargetDependency */,
			);
			name = LocationToolTests;
			productName = LocationToolTests;
			productReference = 01AE4B0F1F7A041300303136 /* LocationToolTests.xctest */;
			productType = "com.apple.product-type.bundle.unit-test";
		};
		01AE4B191F7A041300303136 /* LocationToolUITests */ = {
			isa = PBXNativeTarget;
			buildConfigurationList = 01AE4B291F7A041300303136 /* Build configuration list for PBXNativeTarget "LocationToolUITests" */;
			buildPhases = (
				01AE4B161F7A041300303136 /* Sources */,
				01AE4B171F7A041300303136 /* Frameworks */,
				01AE4B181F7A041300303136 /* Resources */,
			);
			buildRules = (
			);
			dependencies = (
				01AE4B1C1F7A041300303136 /* PBXTargetDependency */,
			);
			name = LocationToolUITests;
			productName = LocationToolUITests;
			productReference = 01AE4B1A1F7A041300303136 /* LocationToolUITests.xctest */;
			productType = "com.apple.product-type.bundle.ui-testing";
		};
/* End PBXNativeTarget section */

/* Begin PBXProject section */
		01AE4AF31F7A041200303136 /* Project object */ = {
			isa = PBXProject;
			attributes = {
				LastSwiftUpdateCheck = 0830;
				LastUpgradeCheck = 0830;
				ORGANIZATIONNAME = FanFanKJ;
				TargetAttributes = {
					01AE4AFA1F7A041200303136 = {
						CreatedOnToolsVersion = 8.3.3;
						DevelopmentTeam = 9N7VE3L4JD;
						ProvisioningStyle = Automatic;
						SystemCapabilities = {
							com.apple.BackgroundModes = {
								enabled = 1;
							};
						};
					};
					01AE4B0E1F7A041300303136 = {
						CreatedOnToolsVersion = 8.3.3;
						DevelopmentTeam = 9N7VE3L4JD;
						ProvisioningStyle = Automatic;
						TestTargetID = 01AE4AFA1F7A041200303136;
					};
					01AE4B191F7A041300303136 = {
						CreatedOnToolsVersion = 8.3.3;
						DevelopmentTeam = 9N7VE3L4JD;
						ProvisioningStyle = Automatic;
						TestTargetID = 01AE4AFA1F7A041200303136;
					};
				};
			};
			buildConfigurationList = 01AE4AF61F7A041200303136 /* Build configuration list for PBXProject "LocationTool" */;
			compatibilityVersion = "Xcode 3.2";
			developmentRegion = English;
			hasScannedForEncodings = 0;
			knownRegions = (
				en,
				Base,
			);
			mainGroup = 01AE4AF21F7A041200303136;
			productRefGroup = 01AE4AFC1F7A041200303136 /* Products */;
			projectDirPath = "";
			projectRoot = "";
			targets = (
				01AE4AFA1F7A041200303136 /* LocationTool */,
				01AE4B0E1F7A041300303136 /* LocationToolTests */,
				01AE4B191F7A041300303136 /* LocationToolUITests */,
			);
		};
/* End PBXProject section */

/* Begin PBXResourcesBuildPhase section */
		01AE4AF91F7A041200303136 /* Resources */ = {
			isa = PBXResourcesBuildPhase;
			buildActionMask = 2147483647;
			files = (
				01AE4B091F7A041200303136 /* LaunchScreen.storyboard in Resources */,
				01AE4B061F7A041200303136 /* Assets.xcassets in Resources */,
				01AE4B041F7A041200303136 /* Main.storyboard in Resources */,
			);
			runOnlyForDeploymentPostprocessing = 0;
		};
		01AE4B0D1F7A041300303136 /* Resources */ = {
			isa = PBXResourcesBuildPhase;
			buildActionMask = 2147483647;
			files = (
			);
			runOnlyForDeploymentPostprocessing = 0;
		};
		01AE4B181F7A041300303136 /* Resources */ = {
			isa = PBXResourcesBuildPhase;
			buildActionMask = 2147483647;
			files = (
			);
			runOnlyForDeploymentPostprocessing = 0;
		};
/* End PBXResourcesBuildPhase section */

/* Begin PBXSourcesBuildPhase section */
		01AE4AF71F7A041200303136 /* Sources */ = {
			isa = PBXSourcesBuildPhase;
			buildActionMask = 2147483647;
			files = (
				01AE4B011F7A041200303136 /* ViewController.swift in Sources */,
				01AE4BA91F7A803800303136 /* WYFLocationTool.swift in Sources */,
				01AE4AFF1F7A041200303136 /* AppDelegate.swift in Sources */,
			);
			runOnlyForDeploymentPostprocessing = 0;
		};
		01AE4B0B1F7A041300303136 /* Sources */ = {
			isa = PBXSourcesBuildPhase;
			buildActionMask = 2147483647;
			files = (
				01AE4B141F7A041300303136 /* LocationToolTests.swift in Sources */,
			);
			runOnlyForDeploymentPostprocessing = 0;
		};
		01AE4B161F7A041300303136 /* Sources */ = {
			isa = PBXSourcesBuildPhase;
			buildActionMask = 2147483647;
			files = (
				01AE4B1F1F7A041300303136 /* LocationToolUITests.swift in Sources */,
			);
			runOnlyForDeploymentPostprocessing = 0;
		};
/* End PBXSourcesBuildPhase section */

/* Begin PBXTargetDependency section */
		01AE4B111F7A041300303136 /* PBXTargetDependency */ = {
			isa = PBXTargetDependency;
			target = 01AE4AFA1F7A041200303136 /* LocationTool */;
			targetProxy = 01AE4B101F7A041300303136 /* PBXContainerItemProxy */;
		};
		01AE4B1C1F7A041300303136 /* PBXTargetDependency */ = {
			isa = PBXTargetDependency;
			target = 01AE4AFA1F7A041200303136 /* LocationTool */;
			targetProxy = 01AE4B1B1F7A041300303136 /* PBXContainerItemProxy */;
		};
/* End PBXTargetDependency section */

/* Begin PBXVariantGroup section */
		01AE4B021F7A041200303136 /* Main.storyboard */ = {
			isa = PBXVariantGroup;
			children = (
				01AE4B031F7A041200303136 /* Base */,
			);
			name = Main.storyboard;
			sourceTree = "<group>";
		};
		01AE4B071F7A041200303136 /* LaunchScreen.storyboard */ = {
			isa = PBXVariantGroup;
			children = (
				01AE4B081F7A041200303136 /* Base */,
			);
			name = LaunchScreen.storyboard;
			sourceTree = "<group>";
		};
/* End PBXVariantGroup section */

/* Begin XCBuildConfiguration section */
		01AE4B211F7A041300303136 /* Debug */ = {
			isa = XCBuildConfiguration;
			buildSettings = {
				ALWAYS_SEARCH_USER_PATHS = NO;
				CLANG_ANALYZER_NONNULL = YES;
				CLANG_ANALYZER_NUMBER_OBJECT_CONVERSION = YES_AGGRESSIVE;
				CLANG_CXX_LANGUAGE_STANDARD = "gnu++0x";
				CLANG_CXX_LIBRARY = "libc++";
				CLANG_ENABLE_MODULES = YES;
				CLANG_ENABLE_OBJC_ARC = YES;
				CLANG_WARN_BOOL_CONVERSION = YES;
				CLANG_WARN_CONSTANT_CONVERSION = YES;
				CLANG_WARN_DIRECT_OBJC_ISA_USAGE = YES_ERROR;
				CLANG_WARN_DOCUMENTATION_COMMENTS = YES;
				CLANG_WARN_EMPTY_BODY = YES;
				CLANG_WARN_ENUM_CONVERSION = YES;
				CLANG_WARN_INFINITE_RECURSION = YES;
				CLANG_WARN_INT_CONVERSION = YES;
				CLANG_WARN_OBJC_ROOT_CLASS = YES_ERROR;
				CLANG_WARN_SUSPICIOUS_MOVE = YES;
				CLANG_WARN_UNREACHABLE_CODE = YES;
				CLANG_WARN__DUPLICATE_METHOD_MATCH = YES;
				"CODE_SIGN_IDENTITY[sdk=iphoneos*]" = "iPhone Developer";
				COPY_PHASE_STRIP = NO;
				DEBUG_INFORMATION_FORMAT = dwarf;
				ENABLE_STRICT_OBJC_MSGSEND = YES;
				ENABLE_TESTABILITY = YES;
				GCC_C_LANGUAGE_STANDARD = gnu99;
				GCC_DYNAMIC_NO_PIC = NO;
				GCC_NO_COMMON_BLOCKS = YES;
				GCC_OPTIMIZATION_LEVEL = 0;
				GCC_PREPROCESSOR_DEFINITIONS = (
					"DEBUG=1",
					"$(inherited)",
				);
				GCC_WARN_64_TO_32_BIT_CONVERSION = YES;
				GCC_WARN_ABOUT_RETURN_TYPE = YES_ERROR;
				GCC_WARN_UNDECLARED_SELECTOR = YES;
				GCC_WARN_UNINITIALIZED_AUTOS = YES_AGGRESSIVE;
				GCC_WARN_UNUSED_FUNCTION = YES;
				GCC_WARN_UNUSED_VARIABLE = YES;
				IPHONEOS_DEPLOYMENT_TARGET = 10.3;
				MTL_ENABLE_DEBUG_INFO = YES;
				ONLY_ACTIVE_ARCH = YES;
				SDKROOT = iphoneos;
				SWIFT_ACTIVE_COMPILATION_CONDITIONS = DEBUG;
				SWIFT_OPTIMIZATION_LEVEL = "-Onone";
				TARGETED_DEVICE_FAMILY = "1,2";
			};
			name = Debug;
		};
		01AE4B221F7A041300303136 /* Release */ = {
			isa = XCBuildConfiguration;
			buildSettings = {
				ALWAYS_SEARCH_USER_PATHS = NO;
				CLANG_ANALYZER_NONNULL = YES;
				CLANG_ANALYZER_NUMBER_OBJECT_CONVERSION = YES_AGGRESSIVE;
				CLANG_CXX_LANGUAGE_STANDARD = "gnu++0x";
				CLANG_CXX_LIBRARY = "libc++";
				CLANG_ENABLE_MODULES = YES;
				CLANG_ENABLE_OBJC_ARC = YES;
				CLANG_WARN_BOOL_CONVERSION = YES;
				CLANG_WARN_CONSTANT_CONVERSION = YES;
				CLANG_WARN_DIRECT_OBJC_ISA_USAGE = YES_ERROR;
				CLANG_WARN_DOCUMENTATION_COMMENTS = YES;
				CLANG_WARN_EMPTY_BODY = YES;
				CLANG_WARN_ENUM_CONVERSION = YES;
				CLANG_WARN_INFINITE_RECURSION = YES;
				CLANG_WARN_INT_CONVERSION = YES;
				CLANG_WARN_OBJC_ROOT_CLASS = YES_ERROR;
				CLANG_WARN_SUSPICIOUS_MOVE = YES;
				CLANG_WARN_UNREACHABLE_CODE = YES;
				CLANG_WARN__DUPLICATE_METHOD_MATCH = YES;
				"CODE_SIGN_IDENTITY[sdk=iphoneos*]" = "iPhone Developer";
				COPY_PHASE_STRIP = NO;
				DEBUG_INFORMATION_FORMAT = "dwarf-with-dsym";
				ENABLE_NS_ASSERTIONS = NO;
				ENABLE_STRICT_OBJC_MSGSEND = YES;
				GCC_C_LANGUAGE_STANDARD = gnu99;
				GCC_NO_COMMON_BLOCKS = YES;
				GCC_WARN_64_TO_32_BIT_CONVERSION = YES;
				GCC_WARN_ABOUT_RETURN_TYPE = YES_ERROR;
				GCC_WARN_UNDECLARED_SELECTOR = YES;
				GCC_WARN_UNINITIALIZED_AUTOS = YES_AGGRESSIVE;
				GCC_WARN_UNUSED_FUNCTION = YES;
				GCC_WARN_UNUSED_VARIABLE = YES;
				IPHONEOS_DEPLOYMENT_TARGET = 10.3;
				MTL_ENABLE_DEBUG_INFO = NO;
				SDKROOT = iphoneos;
				SWIFT_OPTIMIZATION_LEVEL = "-Owholemodule";
				TARGETED_DEVICE_FAMILY = "1,2";
				VALIDATE_PRODUCT = YES;
			};
			name = Release;
		};
		01AE4B241F7A041300303136 /* Debug */ = {
			isa = XCBuildConfiguration;
			buildSettings = {
				ASSETCATALOG_COMPILER_APPICON_NAME = AppIcon;
				DEVELOPMENT_TEAM = 9N7VE3L4JD;
				INFOPLIST_FILE = LocationTool/Info.plist;
				IPHONEOS_DEPLOYMENT_TARGET = 10.3;
				LD_RUNPATH_SEARCH_PATHS = "$(inherited) @executable_path/Frameworks";
				PRODUCT_BUNDLE_IDENTIFIER = com.FanFanKJ.LocationTool;
				PRODUCT_NAME = "$(TARGET_NAME)";
				SWIFT_VERSION = 3.0;
			};
			name = Debug;
		};
		01AE4B251F7A041300303136 /* Release */ = {
			isa = XCBuildConfiguration;
			buildSettings = {
				ASSETCATALOG_COMPILER_APPICON_NAME = AppIcon;
				DEVELOPMENT_TEAM = 9N7VE3L4JD;
				INFOPLIST_FILE = LocationTool/Info.plist;
				IPHONEOS_DEPLOYMENT_TARGET = 10.3;
				LD_RUNPATH_SEARCH_PATHS = "$(inherited) @executable_path/Frameworks";
				PRODUCT_BUNDLE_IDENTIFIER = com.FanFanKJ.LocationTool;
				PRODUCT_NAME = "$(TARGET_NAME)";
				SWIFT_VERSION = 3.0;
			};
			name = Release;
		};
		01AE4B271F7A041300303136 /* Debug */ = {
			isa = XCBuildConfiguration;
			buildSettings = {
				ALWAYS_EMBED_SWIFT_STANDARD_LIBRARIES = YES;
				BUNDLE_LOADER = "$(TEST_HOST)";
				DEVELOPMENT_TEAM = 9N7VE3L4JD;
				INFOPLIST_FILE = LocationToolTests/Info.plist;
				LD_RUNPATH_SEARCH_PATHS = "$(inherited) @executable_path/Frameworks @loader_path/Frameworks";
				PRODUCT_BUNDLE_IDENTIFIER = com.FanFanKJ.LocationToolTests;
				PRODUCT_NAME = "$(TARGET_NAME)";
				SWIFT_VERSION = 3.0;
				TEST_HOST = "$(BUILT_PRODUCTS_DIR)/LocationTool.app/LocationTool";
			};
			name = Debug;
		};
		01AE4B281F7A041300303136 /* Release */ = {
			isa = XCBuildConfiguration;
			buildSettings = {
				ALWAYS_EMBED_SWIFT_STANDARD_LIBRARIES = YES;
				BUNDLE_LOADER = "$(TEST_HOST)";
				DEVELOPMENT_TEAM = 9N7VE3L4JD;
				INFOPLIST_FILE = LocationToolTests/Info.plist;
				LD_RUNPATH_SEARCH_PATHS = "$(inherited) @executable_path/Frameworks @loader_path/Frameworks";
				PRODUCT_BUNDLE_IDENTIFIER = com.FanFanKJ.LocationToolTests;
				PRODUCT_NAME = "$(TARGET_NAME)";
				SWIFT_VERSION = 3.0;
				TEST_HOST = "$(BUILT_PRODUCTS_DIR)/LocationTool.app/LocationTool";
			};
			name = Release;
		};
		01AE4B2A1F7A041300303136 /* Debug */ = {
			isa = XCBuildConfiguration;
			buildSettings = {
				ALWAYS_EMBED_SWIFT_STANDARD_LIBRARIES = YES;
				DEVELOPMENT_TEAM = 9N7VE3L4JD;
				INFOPLIST_FILE = LocationToolUITests/Info.plist;
				LD_RUNPATH_SEARCH_PATHS = "$(inherited) @executable_path/Frameworks @loader_path/Frameworks";
				PRODUCT_BUNDLE_IDENTIFIER = com.FanFanKJ.LocationToolUITests;
				PRODUCT_NAME = "$(TARGET_NAME)";
				SWIFT_VERSION = 3.0;
				TEST_TARGET_NAME = LocationTool;
			};
			name = Debug;
		};
		01AE4B2B1F7A041300303136 /* Release */ = {
			isa = XCBuildConfiguration;
			buildSettings = {
				ALWAYS_EMBED_SWIFT_STANDARD_LIBRARIES = YES;
				DEVELOPMENT_TEAM = 9N7VE3L4JD;
				INFOPLIST_FILE = LocationToolUITests/Info.plist;
				LD_RUNPATH_SEARCH_PATHS = "$(inherited) @executable_path/Frameworks @loader_path/Frameworks";
				PRODUCT_BUNDLE_IDENTIFIER = com.FanFanKJ.LocationToolUITests;
				PRODUCT_NAME = "$(TARGET_NAME)";
				SWIFT_VERSION = 3.0;
				TEST_TARGET_NAME = LocationTool;
			};
			name = Release;
		};
/* End XCBuildConfiguration section */

/* Begin XCConfigurationList section */
		01AE4AF61F7A041200303136 /* Build configuration list for PBXProject "LocationTool" */ = {
			isa = XCConfigurationList;
			buildConfigurations = (
				01AE4B211F7A041300303136 /* Debug */,
				01AE4B221F7A041300303136 /* Release */,
			);
			defaultConfigurationIsVisible = 0;
			defaultConfigurationName = Release;
		};
		01AE4B231F7A041300303136 /* Build configuration list for PBXNativeTarget "LocationTool" */ = {
			isa = XCConfigurationList;
			buildConfigurations = (
				01AE4B241F7A041300303136 /* Debug */,
				01AE4B251F7A041300303136 /* Release */,
			);
			defaultConfigurationIsVisible = 0;
			defaultConfigurationName = Release;
		};
		01AE4B261F7A041300303136 /* Build configuration list for PBXNativeTarget "LocationToolTests" */ = {
			isa = XCConfigurationList;
			buildConfigurations = (
				01AE4B271F7A041300303136 /* Debug */,
				01AE4B281F7A041300303136 /* Release */,
			);
			defaultConfigurationIsVisible = 0;
			defaultConfigurationName = Release;
		};
		01AE4B291F7A041300303136 /* Build configuration list for PBXNativeTarget "LocationToolUITests" */ = {
			isa = XCConfigurationList;
			buildConfigurations = (
				01AE4B2A1F7A041300303136 /* Debug */,
				01AE4B2B1F7A041300303136 /* Release */,
			);
			defaultConfigurationIsVisible = 0;
			defaultConfigurationName = Release;
		};
/* End XCConfigurationList section */
	};
	rootObject = 01AE4AF31F7A041200303136 /* Project object */;
}
